
Microsoft Visual Studio Solution File, Format Version 12.00
# Visual Studio Version 16
VisualStudioVersion = 16.0.30128.74
MinimumVisualStudioVersion = 10.0.40219.1
Project("{8BC9CEB8-8B4A-11D0-8D11-00A0C91BC942}") = "opencv_pipeline", "test\opencv_pipeline.vcxproj", "{19FEB92D-39BA-46F6-B4A0-4C314794649E}"
EndProject
Global
	GlobalSection(SolutionConfigurationPlatforms) = preSolution
		CV24Debug|x64 = CV24Debug|x64
		CV24Release|x64 = CV24Release|x64
		Debug|x64 = Debug|x64
		Release|x64 = Release|x64
	EndGlobalSection
	GlobalSection(ProjectConfigurationPlatforms) = postSolution
		{19FEB92D-39BA-46F6-B4A0-4C314794649E}.CV24Debug|x64.ActiveCfg = CV24Debug|x64
		{19FEB92D-39BA-46F6-B4A0-4C314794649E}.CV24Debug|x64.Build.0 = CV24Debug|x64
		{19FEB92D-39BA-46F6-B4A0-4C314794649E}.CV24Release|x64.ActiveCfg = CV24Release|x64
		{19FEB92D-39BA-46F6-B4A0-4C314794649E}.CV24Release|x64.Build.0 = CV24Release|x64
		{19FEB92D-39BA-46F6-B4A0-4C314794649E}.Debug|x64.ActiveCfg = Debug|x64
		{19FEB92D-39BA-46F6-B4A0-4C314794649E}.Debug|x64.Build.0 = Debug|x64
		{19FEB92D-39BA-46F6-B4A0-4C314794649E}.Release|x64.ActiveCfg = Release|x64
		{19FEB92D-39BA-46F6-B4A0-4C314794649E}.Release|x64.Build.0 = Release|x64
	EndGlobalSection
	GlobalSection(SolutionProperties) = preSolution
		HideSolutionNode = FALSE
	EndGlobalSection
	GlobalSection(ExtensibilityGlobals) = postSolution
		SolutionGuid = {C7054628-B525-4E8A-931D-5797AE17519E}
	EndGlobalSection
EndGlobal
